{"filter":false,"title":"package-lock.json","tooltip":"/POST/package-lock.json","undoManager":{"mark":-1,"position":-1,"stack":[]},"ace":{"folds":[],"scrolltop":1260,"scrollleft":0,"selection":{"start":{"row":0,"column":0},"end":{"row":0,"column":0},"isBackwards":false},"options":{"guessTabSize":true,"useWrapMode":false,"wrapToView":true},"firstLineState":{"row":104,"state":"start","mode":"ace/mode/json"}},"timestamp":1502340427146,"hash":"72fe74926ead47e5c83dc9d09e936e3dd2c9264d"}